// !$*UTF8*$!
{
	archiveVersion = 1;
	classes = {
	};
	objectVersion = 46;
	objects = {

/* Begin PBXBuildFile section */
		BD96AD0802DEEBD540074EA5 /* Pods_Twitter.framework in Frameworks */ = {isa = PBXBuildFile; fileRef = 1AC5D060063FADF7CD9F1AC7 /* Pods_Twitter.framework */; };
		D306D1001E9D52600013DC64 /* AppDelegate.swift in Sources */ = {isa = PBXBuildFile; fileRef = D306D0FF1E9D52600013DC64 /* AppDelegate.swift */; };
		D306D1051E9D52600013DC64 /* Main.storyboard in Resources */ = {isa = PBXBuildFile; fileRef = D306D1031E9D52600013DC64 /* Main.storyboard */; };
		D306D1071E9D52600013DC64 /* Assets.xcassets in Resources */ = {isa = PBXBuildFile; fileRef = D306D1061E9D52600013DC64 /* Assets.xcassets */; };
		D306D10A1E9D52600013DC64 /* LaunchScreen.storyboard in Resources */ = {isa = PBXBuildFile; fileRef = D306D1081E9D52600013DC64 /* LaunchScreen.storyboard */; };
		D306D1141E9D7FC60013DC64 /* TwitterClient.swift in Sources */ = {isa = PBXBuildFile; fileRef = D306D1131E9D7FC60013DC64 /* TwitterClient.swift */; };
		D306D1171E9DB8620013DC64 /* User.swift in Sources */ = {isa = PBXBuildFile; fileRef = D306D1161E9DB8620013DC64 /* User.swift */; };
		D306D1191E9DB86F0013DC64 /* Tweet.swift in Sources */ = {isa = PBXBuildFile; fileRef = D306D1181E9DB86F0013DC64 /* Tweet.swift */; };
		D306D11B1E9DF5920013DC64 /* LoginViewController.swift in Sources */ = {isa = PBXBuildFile; fileRef = D306D11A1E9DF5920013DC64 /* LoginViewController.swift */; };
		D353352C1E9EF0330033F398 /* TweetsViewController.swift in Sources */ = {isa = PBXBuildFile; fileRef = D353352B1E9EF0330033F398 /* TweetsViewController.swift */; };
		D353352E1E9EF4850033F398 /* TweetTableViewCell.swift in Sources */ = {isa = PBXBuildFile; fileRef = D353352D1E9EF4850033F398 /* TweetTableViewCell.swift */; };
		D3A9F28B1EA06CA300655E5D /* ComposeTweetViewController.swift in Sources */ = {isa = PBXBuildFile; fileRef = D3A9F28A1EA06CA300655E5D /* ComposeTweetViewController.swift */; };
		D3A9F28D1EA17CF000655E5D /* TweetDetailsViewController.swift in Sources */ = {isa = PBXBuildFile; fileRef = D3A9F28C1EA17CF000655E5D /* TweetDetailsViewController.swift */; };
/* End PBXBuildFile section */

/* Begin PBXFileReference section */
		1AC5D060063FADF7CD9F1AC7 /* Pods_Twitter.framework */ = {isa = PBXFileReference; explicitFileType = wrapper.framework; includeInIndex = 0; path = Pods_Twitter.framework; sourceTree = BUILT_PRODUCTS_DIR; };
		AB91F89491F05B580357091B /* Pods-Twitter.release.xcconfig */ = {isa = PBXFileReference; includeInIndex = 1; lastKnownFileType = text.xcconfig; name = "Pods-Twitter.release.xcconfig"; path = "Pods/Target Support Files/Pods-Twitter/Pods-Twitter.release.xcconfig"; sourceTree = "<group>"; };
		C60B0D86CF39F85F3E36C44D /* Pods-Twitter.debug.xcconfig */ = {isa = PBXFileReference; includeInIndex = 1; lastKnownFileType = text.xcconfig; name = "Pods-Twitter.debug.xcconfig"; path = "Pods/Target Support Files/Pods-Twitter/Pods-Twitter.debug.xcconfig"; sourceTree = "<group>"; };
		D306D0FC1E9D52600013DC64 /* Twitter.app */ = {isa = PBXFileReference; explicitFileType = wrapper.application; includeInIndex = 0; path = Twitter.app; sourceTree = BUILT_PRODUCTS_DIR; };
		D306D0FF1E9D52600013DC64 /* AppDelegate.swift */ = {isa = PBXFileReference; lastKnownFileType = sourcecode.swift; path = AppDelegate.swift; sourceTree = "<group>"; };
		D306D1041E9D52600013DC64 /* Base */ = {isa = PBXFileReference; lastKnownFileType = file.storyboard; name = Base; path = Base.lproj/Main.storyboard; sourceTree = "<group>"; };
		D306D1061E9D52600013DC64 /* Assets.xcassets */ = {isa = PBXFileReference; lastKnownFileType = folder.assetcatalog; path = Assets.xcassets; sourceTree = "<group>"; };
		D306D1091E9D52600013DC64 /* Base */ = {isa = PBXFileReference; lastKnownFileType = file.storyboard; name = Base; path = Base.lproj/LaunchScreen.storyboard; sourceTree = "<group>"; };
		D306D10B1E9D52600013DC64 /* Info.plist */ = {isa = PBXFileReference; lastKnownFileType = text.plist.xml; path = Info.plist; sourceTree = "<group>"; };
		D306D1131E9D7FC60013DC64 /* TwitterClient.swift */ = {isa = PBXFileReference; fileEncoding = 4; lastKnownFileType = sourcecode.swift; path = TwitterClient.swift; sourceTree = "<group>"; };
		D306D1161E9DB8620013DC64 /* User.swift */ = {isa = PBXFileReference; fileEncoding = 4; lastKnownFileType = sourcecode.swift; path = User.swift; sourceTree = "<group>"; };
		D306D1181E9DB86F0013DC64 /* Tweet.swift */ = {isa = PBXFileReference; fileEncoding = 4; lastKnownFileType = sourcecode.swift; path = Tweet.swift; sourceTree = "<group>"; };
		D306D11A1E9DF5920013DC64 /* LoginViewController.swift */ = {isa = PBXFileReference; fileEncoding = 4; lastKnownFileType = sourcecode.swift; path = LoginViewController.swift; sourceTree = "<group>"; };
		D353352B1E9EF0330033F398 /* TweetsViewController.swift */ = {isa = PBXFileReference; fileEncoding = 4; lastKnownFileType = sourcecode.swift; path = TweetsViewController.swift; sourceTree = "<group>"; };
		D353352D1E9EF4850033F398 /* TweetTableViewCell.swift */ = {isa = PBXFileReference; fileEncoding = 4; lastKnownFileType = sourcecode.swift; path = TweetTableViewCell.swift; sourceTree = "<group>"; };
		D3A9F28A1EA06CA300655E5D /* ComposeTweetViewController.swift */ = {isa = PBXFileReference; fileEncoding = 4; lastKnownFileType = sourcecode.swift; path = ComposeTweetViewController.swift; sourceTree = "<group>"; };
		D3A9F28C1EA17CF000655E5D /* TweetDetailsViewController.swift */ = {isa = PBXFileReference; fileEncoding = 4; lastKnownFileType = sourcecode.swift; path = TweetDetailsViewController.swift; sourceTree = "<group>"; };
/* End PBXFileReference section */

/* Begin PBXFrameworksBuildPhase section */
		D306D0F91E9D52600013DC64 /* Frameworks */ = {
			isa = PBXFrameworksBuildPhase;
			buildActionMask = 2147483647;
			files = (
				BD96AD0802DEEBD540074EA5 /* Pods_Twitter.framework in Frameworks */,
			);
			runOnlyForDeploymentPostprocessing = 0;
		};
/* End PBXFrameworksBuildPhase section */

/* Begin PBXGroup section */
		64B7CFD6AC7E6159416CE566 /* Frameworks */ = {
			isa = PBXGroup;
			children = (
				1AC5D060063FADF7CD9F1AC7 /* Pods_Twitter.framework */,
			);
			name = Frameworks;
			sourceTree = "<group>";
		};
		9BCF1278088702B1608206A4 /* Pods */ = {
			isa = PBXGroup;
			children = (
				C60B0D86CF39F85F3E36C44D /* Pods-Twitter.debug.xcconfig */,
				AB91F89491F05B580357091B /* Pods-Twitter.release.xcconfig */,
			);
			name = Pods;
			sourceTree = "<group>";
		};
		D306D0F31E9D52600013DC64 = {
			isa = PBXGroup;
			children = (
				D306D0FE1E9D52600013DC64 /* Twitter */,
				D306D0FD1E9D52600013DC64 /* Products */,
				9BCF1278088702B1608206A4 /* Pods */,
				64B7CFD6AC7E6159416CE566 /* Frameworks */,
			);
			sourceTree = "<group>";
		};
		D306D0FD1E9D52600013DC64 /* Products */ = {
			isa = PBXGroup;
			children = (
				D306D0FC1E9D52600013DC64 /* Twitter.app */,
			);
			name = Products;
			sourceTree = "<group>";
		};
		D306D0FE1E9D52600013DC64 /* Twitter */ = {
			isa = PBXGroup;
			children = (
				D353352A1E9EDD2F0033F398 /* Views */,
				D35335291E9EDD250033F398 /* ViewControllers */,
				D306D1151E9DB8220013DC64 /* Models */,
				D306D1121E9D7FAA0013DC64 /* API */,
				D306D0FF1E9D52600013DC64 /* AppDelegate.swift */,
				D306D1031E9D52600013DC64 /* Main.storyboard */,
				D306D1061E9D52600013DC64 /* Assets.xcassets */,
				D306D1081E9D52600013DC64 /* LaunchScreen.storyboard */,
				D306D10B1E9D52600013DC64 /* Info.plist */,
			);
			path = Twitter;
			sourceTree = "<group>";
		};
		D306D1121E9D7FAA0013DC64 /* API */ = {
			isa = PBXGroup;
			children = (
				D306D1131E9D7FC60013DC64 /* TwitterClient.swift */,
			);
			name = API;
			sourceTree = "<group>";
		};
		D306D1151E9DB8220013DC64 /* Models */ = {
			isa = PBXGroup;
			children = (
				D306D1161E9DB8620013DC64 /* User.swift */,
				D306D1181E9DB86F0013DC64 /* Tweet.swift */,
			);
			name = Models;
			sourceTree = "<group>";
		};
		D35335291E9EDD250033F398 /* ViewControllers */ = {
			isa = PBXGroup;
			children = (
				D353352B1E9EF0330033F398 /* TweetsViewController.swift */,
				D306D11A1E9DF5920013DC64 /* LoginViewController.swift */,
				D3A9F28A1EA06CA300655E5D /* ComposeTweetViewController.swift */,
				D3A9F28C1EA17CF000655E5D /* TweetDetailsViewController.swift */,
			);
			name = ViewControllers;
			sourceTree = "<group>";
		};
		D353352A1E9EDD2F0033F398 /* Views */ = {
			isa = PBXGroup;
			children = (
				D353352D1E9EF4850033F398 /* TweetTableViewCell.swift */,
			);
			name = Views;
			sourceTree = "<group>";
		};
/* End PBXGroup section */

/* Begin PBXNativeTarget section */
		D306D0FB1E9D52600013DC64 /* Twitter */ = {
			isa = PBXNativeTarget;
			buildConfigurationList = D306D10E1E9D52600013DC64 /* Build configuration list for PBXNativeTarget "Twitter" */;
			buildPhases = (
				45BE297FADE24B78A58588DF /* [CP] Check Pods Manifest.lock */,
				D306D0F81E9D52600013DC64 /* Sources */,
				D306D0F91E9D52600013DC64 /* Frameworks */,
				D306D0FA1E9D52600013DC64 /* Resources */,
				FCEC0ADD90F189680D1F6B60 /* [CP] Embed Pods Frameworks */,
				DB9CF8263ABA144D7F8C0DF1 /* [CP] Copy Pods Resources */,
			);
			buildRules = (
			);
			dependencies = (
			);
			name = Twitter;
			productName = Twitter;
			productReference = D306D0FC1E9D52600013DC64 /* Twitter.app */;
			productType = "com.apple.product-type.application";
		};
/* End PBXNativeTarget section */

/* Begin PBXProject section */
		D306D0F41E9D52600013DC64 /* Project object */ = {
			isa = PBXProject;
			attributes = {
				LastSwiftUpdateCheck = 0820;
				LastUpgradeCheck = 0820;
				ORGANIZATIONNAME = Laura;
				TargetAttributes = {
					D306D0FB1E9D52600013DC64 = {
						CreatedOnToolsVersion = 8.2.1;
						DevelopmentTeam = WSE9V4ZK6U;
						ProvisioningStyle = Automatic;
					};
				};
			};
			buildConfigurationList = D306D0F71E9D52600013DC64 /* Build configuration list for PBXProject "Twitter" */;
			compatibilityVersion = "Xcode 3.2";
			developmentRegion = English;
			hasScannedForEncodings = 0;
			knownRegions = (
				en,
				Base,
			);
			mainGroup = D306D0F31E9D52600013DC64;
			productRefGroup = D306D0FD1E9D52600013DC64 /* Products */;
			projectDirPath = "";
			projectRoot = "";
			targets = (
				D306D0FB1E9D52600013DC64 /* Twitter */,
			);
		};
/* End PBXProject section */

/* Begin PBXResourcesBuildPhase section */
		D306D0FA1E9D52600013DC64 /* Resources */ = {
			isa = PBXResourcesBuildPhase;
			buildActionMask = 2147483647;
			files = (
				D306D10A1E9D52600013DC64 /* LaunchScreen.storyboard in Resources */,
				D306D1071E9D52600013DC64 /* Assets.xcassets in Resources */,
				D306D1051E9D52600013DC64 /* Main.storyboard in Resources */,
			);
			runOnlyForDeploymentPostprocessing = 0;
		};
/* End PBXResourcesBuildPhase section */

/* Begin PBXShellScriptBuildPhase section */
		45BE297FADE24B78A58588DF /* [CP] Check Pods Manifest.lock */ = {
			isa = PBXShellScriptBuildPhase;
			buildActionMask = 2147483647;
			files = (
			);
			inputPaths = (
			);
			name = "[CP] Check Pods Manifest.lock";
			outputPaths = (
			);
			runOnlyForDeploymentPostprocessing = 0;
			shellPath = /bin/sh;
			shellScript = "diff \"${PODS_ROOT}/../Podfile.lock\" \"${PODS_ROOT}/Manifest.lock\" > /dev/null\nif [ $? != 0 ] ; then\n    # print error to STDERR\n    echo \"error: The sandbox is not in sync with the Podfile.lock. Run 'pod install' or update your CocoaPods installation.\" >&2\n    exit 1\nfi\n";
			showEnvVarsInLog = 0;
		};
		DB9CF8263ABA144D7F8C0DF1 /* [CP] Copy Pods Resources */ = {
			isa = PBXShellScriptBuildPhase;
			buildActionMask = 2147483647;
			files = (
			);
			inputPaths = (
			);
			name = "[CP] Copy Pods Resources";
			outputPaths = (
			);
			runOnlyForDeploymentPostprocessing = 0;
			shellPath = /bin/sh;
			shellScript = "\"${SRCROOT}/Pods/Target Support Files/Pods-Twitter/Pods-Twitter-resources.sh\"\n";
			showEnvVarsInLog = 0;
		};
		FCEC0ADD90F189680D1F6B60 /* [CP] Embed Pods Frameworks */ = {
			isa = PBXShellScriptBuildPhase;
			buildActionMask = 2147483647;
			files = (
			);
			inputPaths = (
			);
			name = "[CP] Embed Pods Frameworks";
			outputPaths = (
			);
			runOnlyForDeploymentPostprocessing = 0;
			shellPath = /bin/sh;
			shellScript = "\"${SRCROOT}/Pods/Target Support Files/Pods-Twitter/Pods-Twitter-frameworks.sh\"\n";
			showEnvVarsInLog = 0;
		};
/* End PBXShellScriptBuildPhase section */

/* Begin PBXSourcesBuildPhase section */
		D306D0F81E9D52600013DC64 /* Sources */ = {
			isa = PBXSourcesBuildPhase;
			buildActionMask = 2147483647;
			files = (
				D306D11B1E9DF5920013DC64 /* LoginViewController.swift in Sources */,
				D306D1171E9DB8620013DC64 /* User.swift in Sources */,
				D3A9F28B1EA06CA300655E5D /* ComposeTweetViewController.swift in Sources */,
				D353352C1E9EF0330033F398 /* TweetsViewController.swift in Sources */,
				D3A9F28D1EA17CF000655E5D /* TweetDetailsViewController.swift in Sources */,
				D306D1191E9DB86F0013DC64 /* Tweet.swift in Sources */,
				D306D1141E9D7FC60013DC64 /* TwitterClient.swift in Sources */,
				D306D1001E9D52600013DC64 /* AppDelegate.swift in Sources */,
				D353352E1E9EF4850033F398 /* TweetTableViewCell.swift in Sources */,
			);
			runOnlyForDeploymentPostprocessing = 0;
		};
/* End PBXSourcesBuildPhase section */

/* Begin PBXVariantGroup section */
		D306D1031E9D52600013DC64 /* Main.storyboard */ = {
			isa = PBXVariantGroup;
			children = (
				D306D1041E9D52600013DC64 /* Base */,
			);
			name = Main.storyboard;
			sourceTree = "<group>";
		};
		D306D1081E9D52600013DC64 /* LaunchScreen.storyboard */ = {
			isa = PBXVariantGroup;
			children = (
				D306D1091E9D52600013DC64 /* Base */,
			);
			name = LaunchScreen.storyboard;
			sourceTree = "<group>";
		};
/* End PBXVariantGroup section */

/* Begin XCBuildConfiguration section */
		D306D10C1E9D52600013DC64 /* Debug */ = {
			isa = XCBuildConfiguration;
			buildSettings = {
				ALWAYS_SEARCH_USER_PATHS = NO;
				CLANG_ANALYZER_NONNULL = YES;
				CLANG_CXX_LANGUAGE_STANDARD = "gnu++0x";
				CLANG_CXX_LIBRARY = "libc++";
				CLANG_ENABLE_MODULES = YES;
				CLANG_ENABLE_OBJC_ARC = YES;
				CLANG_WARN_BOOL_CONVERSION = YES;
				CLANG_WARN_CONSTANT_CONVERSION = YES;
				CLANG_WARN_DIRECT_OBJC_ISA_USAGE = YES_ERROR;
				CLANG_WARN_DOCUMENTATION_COMMENTS = YES;
				CLANG_WARN_EMPTY_BODY = YES;
				CLANG_WARN_ENUM_CONVERSION = YES;
				CLANG_WARN_INFINITE_RECURSION = YES;
				CLANG_WARN_INT_CONVERSION = YES;
				CLANG_WARN_OBJC_ROOT_CLASS = YES_ERROR;
				CLANG_WARN_SUSPICIOUS_MOVE = YES;
				CLANG_WARN_UNREACHABLE_CODE = YES;
				CLANG_WARN__DUPLICATE_METHOD_MATCH = YES;
				"CODE_SIGN_IDENTITY[sdk=iphoneos*]" = "iPhone Developer";
				COPY_PHASE_STRIP = NO;
				DEBUG_INFORMATION_FORMAT = dwarf;
				ENABLE_STRICT_OBJC_MSGSEND = YES;
				ENABLE_TESTABILITY = YES;
				GCC_C_LANGUAGE_STANDARD = gnu99;
				GCC_DYNAMIC_NO_PIC = NO;
				GCC_NO_COMMON_BLOCKS = YES;
				GCC_OPTIMIZATION_LEVEL = 0;
				GCC_PREPROCESSOR_DEFINITIONS = (
					"DEBUG=1",
					"$(inherited)",
				);
				GCC_WARN_64_TO_32_BIT_CONVERSION = YES;
				GCC_WARN_ABOUT_RETURN_TYPE = YES_ERROR;
				GCC_WARN_UNDECLARED_SELECTOR = YES;
				GCC_WARN_UNINITIALIZED_AUTOS = YES_AGGRESSIVE;
				GCC_WARN_UNUSED_FUNCTION = YES;
				GCC_WARN_UNUSED_VARIABLE = YES;
				IPHONEOS_DEPLOYMENT_TARGET = 10.2;
				MTL_ENABLE_DEBUG_INFO = YES;
				ONLY_ACTIVE_ARCH = YES;
				SDKROOT = iphoneos;
				SWIFT_ACTIVE_COMPILATION_CONDITIONS = DEBUG;
				SWIFT_OPTIMIZATION_LEVEL = "-Onone";
				TARGETED_DEVICE_FAMILY = "1,2";
			};
			name = Debug;
		};
		D306D10D1E9D52600013DC64 /* Release */ = {
			isa = XCBuildConfiguration;
			buildSettings = {
				ALWAYS_SEARCH_USER_PATHS = NO;
				CLANG_ANALYZER_NONNULL = YES;
				CLANG_CXX_LANGUAGE_STANDARD = "gnu++0x";
				CLANG_CXX_LIBRARY = "libc++";
				CLANG_ENABLE_MODULES = YES;
				CLANG_ENABLE_OBJC_ARC = YES;
				CLANG_WARN_BOOL_CONVERSION = YES;
				CLANG_WARN_CONSTANT_CONVERSION = YES;
				CLANG_WARN_DIRECT_OBJC_ISA_USAGE = YES_ERROR;
				CLANG_WARN_DOCUMENTATION_COMMENTS = YES;
				CLANG_WARN_EMPTY_BODY = YES;
				CLANG_WARN_ENUM_CONVERSION = YES;
				CLANG_WARN_INFINITE_RECURSION = YES;
				CLANG_WARN_INT_CONVERSION = YES;
				CLANG_WARN_OBJC_ROOT_CLASS = YES_ERROR;
				CLANG_WARN_SUSPICIOUS_MOVE = YES;
				CLANG_WARN_UNREACHABLE_CODE = YES;
				CLANG_WARN__DUPLICATE_METHOD_MATCH = YES;
				"CODE_SIGN_IDENTITY[sdk=iphoneos*]" = "iPhone Developer";
				COPY_PHASE_STRIP = NO;
				DEBUG_INFORMATION_FORMAT = "dwarf-with-dsym";
				ENABLE_NS_ASSERTIONS = NO;
				ENABLE_STRICT_OBJC_MSGSEND = YES;
				GCC_C_LANGUAGE_STANDARD = gnu99;
				GCC_NO_COMMON_BLOCKS = YES;
				GCC_WARN_64_TO_32_BIT_CONVERSION = YES;
				GCC_WARN_ABOUT_RETURN_TYPE = YES_ERROR;
				GCC_WARN_UNDECLARED_SELECTOR = YES;
				GCC_WARN_UNINITIALIZED_AUTOS = YES_AGGRESSIVE;
				GCC_WARN_UNUSED_FUNCTION = YES;
				GCC_WARN_UNUSED_VARIABLE = YES;
				IPHONEOS_DEPLOYMENT_TARGET = 10.2;
				MTL_ENABLE_DEBUG_INFO = NO;
				SDKROOT = iphoneos;
				SWIFT_OPTIMIZATION_LEVEL = "-Owholemodule";
				TARGETED_DEVICE_FAMILY = "1,2";
				VALIDATE_PRODUCT = YES;
			};
			name = Release;
		};
		D306D10F1E9D52600013DC64 /* Debug */ = {
			isa = XCBuildConfiguration;
			baseConfigurationReference = C60B0D86CF39F85F3E36C44D /* Pods-Twitter.debug.xcconfig */;
			buildSettings = {
				ASSETCATALOG_COMPILER_APPICON_NAME = AppIcon;
				DEVELOPMENT_TEAM = WSE9V4ZK6U;
				INFOPLIST_FILE = Twitter/Info.plist;
				LD_RUNPATH_SEARCH_PATHS = "$(inherited) @executable_path/Frameworks";
				PRODUCT_BUNDLE_IDENTIFIER = com.felix.Twitter;
				PRODUCT_NAME = "$(TARGET_NAME)";
				SWIFT_VERSION = 3.0;
			};
			name = Debug;
		};
		D306D1101E9D52600013DC64 /* Release */ = {
			isa = XCBuildConfiguration;
			baseConfigurationReference = AB91F89491F05B580357091B /* Pods-Twitter.release.xcconfig */;
			buildSettings = {
				ASSETCATALOG_COMPILER_APPICON_NAME = AppIcon;
				DEVELOPMENT_TEAM = WSE9V4ZK6U;
				INFOPLIST_FILE = Twitter/Info.plist;
				LD_RUNPATH_SEARCH_PATHS = "$(inherited) @executable_path/Frameworks";
				PRODUCT_BUNDLE_IDENTIFIER = com.felix.Twitter;
				PRODUCT_NAME = "$(TARGET_NAME)";
				SWIFT_VERSION = 3.0;
			};
			name = Release;
		};
/* End XCBuildConfiguration section */

/* Begin XCConfigurationList section */
		D306D0F71E9D52600013DC64 /* Build configuration list for PBXProject "Twitter" */ = {
			isa = XCConfigurationList;
			buildConfigurations = (
				D306D10C1E9D52600013DC64 /* Debug */,
				D306D10D1E9D52600013DC64 /* Release */,
			);
			defaultConfigurationIsVisible = 0;
			defaultConfigurationName = Release;
		};
		D306D10E1E9D52600013DC64 /* Build configuration list for PBXNativeTarget "Twitter" */ = {
			isa = XCConfigurationList;
			buildConfigurations = (
				D306D10F1E9D52600013DC64 /* Debug */,
				D306D1101E9D52600013DC64 /* Release */,
			);
			defaultConfigurationIsVisible = 0;
			defaultConfigurationName = Release;
		};
/* End XCConfigurationList section */
	};
	rootObject = D306D0F41E9D52600013DC64 /* Project object */;
}
